
Microsoft Visual Studio Solution File, Format Version 12.00
# Visual Studio Version 17
VisualStudioVersion = 17.0.32014.148
MinimumVisualStudioVersion = 10.0.40219.1
Project("{FAE04EC0-301F-11D3-BF4B-00C04F79EFBC}") = "SeleniumMvc", "SeleniumMvc\SeleniumMvc.csproj", "{0A74BF90-08E9-487E-BEA6-24D96033F86E}"
EndProject
Project("{FAE04EC0-301F-11D3-BF4B-00C04F79EFBC}") = "jenkinsSeleniumTest", "jenkinsSeleniumTest\jenkinsSeleniumTest.csproj", "{FB6F22FB-FE6D-4323-88D0-6775C066F291}"
EndProject
Global
	GlobalSection(SolutionConfigurationPlatforms) = preSolution
		Debug|Any CPU = Debug|Any CPU
		Release|Any CPU = Release|Any CPU
	EndGlobalSection
	GlobalSection(ProjectConfigurationPlatforms) = postSolution
		{0A74BF90-08E9-487E-BEA6-24D96033F86E}.Debug|Any CPU.ActiveCfg = Debug|Any CPU
		{0A74BF90-08E9-487E-BEA6-24D96033F86E}.Debug|Any CPU.Build.0 = Debug|Any CPU
		{0A74BF90-08E9-487E-BEA6-24D96033F86E}.Release|Any CPU.ActiveCfg = Release|Any CPU
		{0A74BF90-08E9-487E-BEA6-24D96033F86E}.Release|Any CPU.Build.0 = Release|Any CPU
		{FB6F22FB-FE6D-4323-88D0-6775C066F291}.Debug|Any CPU.ActiveCfg = Debug|Any CPU
		{FB6F22FB-FE6D-4323-88D0-6775C066F291}.Debug|Any CPU.Build.0 = Debug|Any CPU
		{FB6F22FB-FE6D-4323-88D0-6775C066F291}.Release|Any CPU.ActiveCfg = Release|Any CPU
		{FB6F22FB-FE6D-4323-88D0-6775C066F291}.Release|Any CPU.Build.0 = Release|Any CPU
	EndGlobalSection
	GlobalSection(SolutionProperties) = preSolution
		HideSolutionNode = FALSE
	EndGlobalSection
	GlobalSection(ExtensibilityGlobals) = postSolution
		SolutionGuid = {6694B3BF-DA17-4218-9C43-13AB16406E40}
	EndGlobalSection
EndGlobal
